{
  "name": "lightchess",
  "lockfileVersion": 2,
  "requires": true,
  "packages": {
    "": {
      "dependencies": {
        "react-watermark": "^0.0.3"
      }
    },
    "node_modules/react-watermark": {
      "version": "0.0.3",
      "resolved": "https://registry.npmjs.org/react-watermark/-/react-watermark-0.0.3.tgz",
      "integrity": "sha512-iZMGvfug2xNWHFRVCEkUGW8vH4Kzivqw8ALXx93q7XSBkrLdrAVjNzz0ZSR6e3YxC+7kNxMhbiGwKGBJnQ4mbw=="
    }
  },
  "dependencies": {
    "react-watermark": {
      "version": "0.0.3",
      "resolved": "https://registry.npmjs.org/react-watermark/-/react-watermark-0.0.3.tgz",
      "integrity": "sha512-iZMGvfug2xNWHFRVCEkUGW8vH4Kzivqw8ALXx93q7XSBkrLdrAVjNzz0ZSR6e3YxC+7kNxMhbiGwKGBJnQ4mbw=="
    }
  }
}
